// !$*UTF8*$!
{
	archiveVersion = 1;
	classes = {
	};
	objectVersion = 45;
	objects = {

/* Begin PBXBuildFile section */
		1D3623260D0F684500981E51 /* ArcgisRestAppDelegate.m in Sources */ = {isa = PBXBuildFile; fileRef = 1D3623250D0F684500981E51 /* ArcgisRestAppDelegate.m */; };
		1D60589B0D05DD56006BFB54 /* main.m in Sources */ = {isa = PBXBuildFile; fileRef = 29B97316FDCFA39411CA2CEA /* main.m */; };
		1D60589F0D05DD5A006BFB54 /* Foundation.framework in Frameworks */ = {isa = PBXBuildFile; fileRef = 1D30AB110D05D00D00671497 /* Foundation.framework */; };
		1DF5F4E00D08C38300B7A737 /* UIKit.framework in Frameworks */ = {isa = PBXBuildFile; fileRef = 1DF5F4DF0D08C38300B7A737 /* UIKit.framework */; };
		2892E4100DC94CBA00A64D0F /* CoreGraphics.framework in Frameworks */ = {isa = PBXBuildFile; fileRef = 2892E40F0DC94CBA00A64D0F /* CoreGraphics.framework */; };
		2899E5600DE3E45000AC0155 /* FolderViewController.xib in Resources */ = {isa = PBXBuildFile; fileRef = 2899E55F0DE3E45000AC0155 /* FolderViewController.xib */; };
		28AD73600D9D9599002E5188 /* MainWindow.xib in Resources */ = {isa = PBXBuildFile; fileRef = 28AD735F0D9D9599002E5188 /* MainWindow.xib */; };
		28C286E10D94DF7D0034E888 /* FolderViewController.m in Sources */ = {isa = PBXBuildFile; fileRef = 28C286E00D94DF7D0034E888 /* FolderViewController.m */; };
		6D0180070F35EF010032B3B4 /* AGSMapService.m in Sources */ = {isa = PBXBuildFile; fileRef = 6D0180060F35EF010032B3B4 /* AGSMapService.m */; };
		6D01800B0F35EFE00032B3B4 /* AGSSpatialReference.m in Sources */ = {isa = PBXBuildFile; fileRef = 6D01800A0F35EFE00032B3B4 /* AGSSpatialReference.m */; };
		6D0180440F35F1C20032B3B4 /* AGSTileInfo.m in Sources */ = {isa = PBXBuildFile; fileRef = 6D0180430F35F1C20032B3B4 /* AGSTileInfo.m */; };
		6D0180530F35F3090032B3B4 /* AGSEnvelope.m in Sources */ = {isa = PBXBuildFile; fileRef = 6D0180520F35F3090032B3B4 /* AGSEnvelope.m */; };
		6D01805C0F35F53A0032B3B4 /* AGSGeometry.m in Sources */ = {isa = PBXBuildFile; fileRef = 6D01805B0F35F53A0032B3B4 /* AGSGeometry.m */; };
		6D0180650F35F5470032B3B4 /* AGSPoint.m in Sources */ = {isa = PBXBuildFile; fileRef = 6D0180640F35F5470032B3B4 /* AGSPoint.m */; };
		6D0180B60F3604BC0032B3B4 /* AGSMapServiceViewController.m in Sources */ = {isa = PBXBuildFile; fileRef = 6D0180B50F3604BC0032B3B4 /* AGSMapServiceViewController.m */; };
		6D0180B80F3604E70032B3B4 /* AGSMapServiceViewController.xib in Resources */ = {isa = PBXBuildFile; fileRef = 6D0180B70F3604E70032B3B4 /* AGSMapServiceViewController.xib */; };
		6D265E4E0F3CE79F009D5F91 /* SBJSON.m in Sources */ = {isa = PBXBuildFile; fileRef = 6D265E470F3CE79F009D5F91 /* SBJSON.m */; };
		6D265E4F0F3CE79F009D5F91 /* NSString+SBJSON.m in Sources */ = {isa = PBXBuildFile; fileRef = 6D265E490F3CE79F009D5F91 /* NSString+SBJSON.m */; };
		6D265E500F3CE79F009D5F91 /* NSObject+SBJSON.m in Sources */ = {isa = PBXBuildFile; fileRef = 6D265E4B0F3CE79F009D5F91 /* NSObject+SBJSON.m */; };
		6D3084890F310CA000D2C1D7 /* AGSFolder.m in Sources */ = {isa = PBXBuildFile; fileRef = 6D3084880F310CA000D2C1D7 /* AGSFolder.m */; };
		6D3084920F310E7100D2C1D7 /* AGSService.m in Sources */ = {isa = PBXBuildFile; fileRef = 6D3084910F310E7100D2C1D7 /* AGSService.m */; };
		6D30849A0F31100B00D2C1D7 /* AGSResource.m in Sources */ = {isa = PBXBuildFile; fileRef = 6D3084990F31100B00D2C1D7 /* AGSResource.m */; };
		6D50AEB00F3F658E00149EB4 /* MainViewController.xib in Resources */ = {isa = PBXBuildFile; fileRef = 6D50AEAF0F3F658E00149EB4 /* MainViewController.xib */; };
		6D50AEC50F3F677300149EB4 /* MainViewController.m in Sources */ = {isa = PBXBuildFile; fileRef = 6D50AEC40F3F677300149EB4 /* MainViewController.m */; };
		6D50B60F0F40E68100149EB4 /* Icon.png in Resources */ = {isa = PBXBuildFile; fileRef = 6D50B60E0F40E68100149EB4 /* Icon.png */; };
		6D83B7DA0F3CD4260042D251 /* MapViewController.xib in Resources */ = {isa = PBXBuildFile; fileRef = 6D83B7D90F3CD4260042D251 /* MapViewController.xib */; };
		6DC9AB4E0F38FC3900F92FCB /* AGSLayer.m in Sources */ = {isa = PBXBuildFile; fileRef = 6DC9AB4D0F38FC3900F92FCB /* AGSLayer.m */; };
		6DC9AD620F3CCC9700F92FCB /* MapViewController.m in Sources */ = {isa = PBXBuildFile; fileRef = 6DC9AD4C0F3CCC9700F92FCB /* MapViewController.m */; };
		6DC9AD630F3CCC9700F92FCB /* MapView.m in Sources */ = {isa = PBXBuildFile; fileRef = 6DC9AD4F0F3CCC9700F92FCB /* MapView.m */; };
		6DC9AD670F3CCC9700F92FCB /* MapState.m in Sources */ = {isa = PBXBuildFile; fileRef = 6DC9AD580F3CCC9700F92FCB /* MapState.m */; };
/* End PBXBuildFile section */

/* Begin PBXFileReference section */
		1D30AB110D05D00D00671497 /* Foundation.framework */ = {isa = PBXFileReference; lastKnownFileType = wrapper.framework; name = Foundation.framework; path = System/Library/Frameworks/Foundation.framework; sourceTree = SDKROOT; };
		1D3623240D0F684500981E51 /* ArcgisRestAppDelegate.h */ = {isa = PBXFileReference; fileEncoding = 4; lastKnownFileType = sourcecode.c.h; path = ArcgisRestAppDelegate.h; sourceTree = "<group>"; };
		1D3623250D0F684500981E51 /* ArcgisRestAppDelegate.m */ = {isa = PBXFileReference; fileEncoding = 4; lastKnownFileType = sourcecode.c.objc; path = ArcgisRestAppDelegate.m; sourceTree = "<group>"; };
		1D6058910D05DD3D006BFB54 /* AGS Touch.app */ = {isa = PBXFileReference; explicitFileType = wrapper.application; includeInIndex = 0; path = "AGS Touch.app"; sourceTree = BUILT_PRODUCTS_DIR; };
		1DF5F4DF0D08C38300B7A737 /* UIKit.framework */ = {isa = PBXFileReference; lastKnownFileType = wrapper.framework; name = UIKit.framework; path = System/Library/Frameworks/UIKit.framework; sourceTree = SDKROOT; };
		2892E40F0DC94CBA00A64D0F /* CoreGraphics.framework */ = {isa = PBXFileReference; lastKnownFileType = wrapper.framework; name = CoreGraphics.framework; path = System/Library/Frameworks/CoreGraphics.framework; sourceTree = SDKROOT; };
		2899E55F0DE3E45000AC0155 /* FolderViewController.xib */ = {isa = PBXFileReference; lastKnownFileType = file.xib; path = FolderViewController.xib; sourceTree = "<group>"; };
		28A0AAE50D9B0CCF005BE974 /* ArcgisRest_Prefix.pch */ = {isa = PBXFileReference; fileEncoding = 4; lastKnownFileType = sourcecode.c.h; path = ArcgisRest_Prefix.pch; sourceTree = "<group>"; };
		28AD735F0D9D9599002E5188 /* MainWindow.xib */ = {isa = PBXFileReference; lastKnownFileType = file.xib; path = MainWindow.xib; sourceTree = "<group>"; };
		28C286DF0D94DF7D0034E888 /* FolderViewController.h */ = {isa = PBXFileReference; fileEncoding = 4; lastKnownFileType = sourcecode.c.h; path = FolderViewController.h; sourceTree = "<group>"; };
		28C286E00D94DF7D0034E888 /* FolderViewController.m */ = {isa = PBXFileReference; fileEncoding = 4; lastKnownFileType = sourcecode.c.objc; path = FolderViewController.m; sourceTree = "<group>"; };
		29B97316FDCFA39411CA2CEA /* main.m */ = {isa = PBXFileReference; fileEncoding = 4; lastKnownFileType = sourcecode.c.objc; path = main.m; sourceTree = "<group>"; };
		6D0180050F35EF010032B3B4 /* AGSMapService.h */ = {isa = PBXFileReference; fileEncoding = 4; lastKnownFileType = sourcecode.c.h; path = AGSMapService.h; sourceTree = "<group>"; };
		6D0180060F35EF010032B3B4 /* AGSMapService.m */ = {isa = PBXFileReference; fileEncoding = 4; lastKnownFileType = sourcecode.c.objc; path = AGSMapService.m; sourceTree = "<group>"; };
		6D0180090F35EFE00032B3B4 /* AGSSpatialReference.h */ = {isa = PBXFileReference; fileEncoding = 4; lastKnownFileType = sourcecode.c.h; path = AGSSpatialReference.h; sourceTree = "<group>"; };
		6D01800A0F35EFE00032B3B4 /* AGSSpatialReference.m */ = {isa = PBXFileReference; fileEncoding = 4; lastKnownFileType = sourcecode.c.objc; path = AGSSpatialReference.m; sourceTree = "<group>"; };
		6D0180420F35F1C20032B3B4 /* AGSTileInfo.h */ = {isa = PBXFileReference; fileEncoding = 4; lastKnownFileType = sourcecode.c.h; path = AGSTileInfo.h; sourceTree = "<group>"; };
		6D0180430F35F1C20032B3B4 /* AGSTileInfo.m */ = {isa = PBXFileReference; fileEncoding = 4; lastKnownFileType = sourcecode.c.objc; path = AGSTileInfo.m; sourceTree = "<group>"; };
		6D0180510F35F3090032B3B4 /* AGSEnvelope.h */ = {isa = PBXFileReference; fileEncoding = 4; lastKnownFileType = sourcecode.c.h; path = AGSEnvelope.h; sourceTree = "<group>"; };
		6D0180520F35F3090032B3B4 /* AGSEnvelope.m */ = {isa = PBXFileReference; fileEncoding = 4; lastKnownFileType = sourcecode.c.objc; path = AGSEnvelope.m; sourceTree = "<group>"; };
		6D01805A0F35F53A0032B3B4 /* AGSGeometry.h */ = {isa = PBXFileReference; fileEncoding = 4; lastKnownFileType = sourcecode.c.h; path = AGSGeometry.h; sourceTree = "<group>"; };
		6D01805B0F35F53A0032B3B4 /* AGSGeometry.m */ = {isa = PBXFileReference; fileEncoding = 4; lastKnownFileType = sourcecode.c.objc; path = AGSGeometry.m; sourceTree = "<group>"; };
		6D0180630F35F5470032B3B4 /* AGSPoint.h */ = {isa = PBXFileReference; fileEncoding = 4; lastKnownFileType = sourcecode.c.h; path = AGSPoint.h; sourceTree = "<group>"; };
		6D0180640F35F5470032B3B4 /* AGSPoint.m */ = {isa = PBXFileReference; fileEncoding = 4; lastKnownFileType = sourcecode.c.objc; path = AGSPoint.m; sourceTree = "<group>"; };
		6D0180B40F3604BC0032B3B4 /* AGSMapServiceViewController.h */ = {isa = PBXFileReference; fileEncoding = 4; lastKnownFileType = sourcecode.c.h; path = AGSMapServiceViewController.h; sourceTree = "<group>"; };
		6D0180B50F3604BC0032B3B4 /* AGSMapServiceViewController.m */ = {isa = PBXFileReference; fileEncoding = 4; lastKnownFileType = sourcecode.c.objc; path = AGSMapServiceViewController.m; sourceTree = "<group>"; };
		6D0180B70F3604E70032B3B4 /* AGSMapServiceViewController.xib */ = {isa = PBXFileReference; lastKnownFileType = file.xib; path = AGSMapServiceViewController.xib; sourceTree = "<group>"; };
		6D265E470F3CE79F009D5F91 /* SBJSON.m */ = {isa = PBXFileReference; fileEncoding = 4; lastKnownFileType = sourcecode.c.objc; path = SBJSON.m; sourceTree = "<group>"; };
		6D265E480F3CE79F009D5F91 /* SBJSON.h */ = {isa = PBXFileReference; fileEncoding = 4; lastKnownFileType = sourcecode.c.h; path = SBJSON.h; sourceTree = "<group>"; };
		6D265E490F3CE79F009D5F91 /* NSString+SBJSON.m */ = {isa = PBXFileReference; fileEncoding = 4; lastKnownFileType = sourcecode.c.objc; path = "NSString+SBJSON.m"; sourceTree = "<group>"; };
		6D265E4A0F3CE79F009D5F91 /* NSString+SBJSON.h */ = {isa = PBXFileReference; fileEncoding = 4; lastKnownFileType = sourcecode.c.h; path = "NSString+SBJSON.h"; sourceTree = "<group>"; };
		6D265E4B0F3CE79F009D5F91 /* NSObject+SBJSON.m */ = {isa = PBXFileReference; fileEncoding = 4; lastKnownFileType = sourcecode.c.objc; path = "NSObject+SBJSON.m"; sourceTree = "<group>"; };
		6D265E4C0F3CE79F009D5F91 /* NSObject+SBJSON.h */ = {isa = PBXFileReference; fileEncoding = 4; lastKnownFileType = sourcecode.c.h; path = "NSObject+SBJSON.h"; sourceTree = "<group>"; };
		6D265E4D0F3CE79F009D5F91 /* JSON.h */ = {isa = PBXFileReference; fileEncoding = 4; lastKnownFileType = sourcecode.c.h; path = JSON.h; sourceTree = "<group>"; };
		6D3084870F310CA000D2C1D7 /* AGSFolder.h */ = {isa = PBXFileReference; fileEncoding = 4; lastKnownFileType = sourcecode.c.h; path = AGSFolder.h; sourceTree = "<group>"; };
		6D3084880F310CA000D2C1D7 /* AGSFolder.m */ = {isa = PBXFileReference; fileEncoding = 4; lastKnownFileType = sourcecode.c.objc; path = AGSFolder.m; sourceTree = "<group>"; };
		6D3084900F310E7100D2C1D7 /* AGSService.h */ = {isa = PBXFileReference; fileEncoding = 4; lastKnownFileType = sourcecode.c.h; path = AGSService.h; sourceTree = "<group>"; };
		6D3084910F310E7100D2C1D7 /* AGSService.m */ = {isa = PBXFileReference; fileEncoding = 4; lastKnownFileType = sourcecode.c.objc; path = AGSService.m; sourceTree = "<group>"; };
		6D3084980F31100B00D2C1D7 /* AGSResource.h */ = {isa = PBXFileReference; fileEncoding = 4; lastKnownFileType = sourcecode.c.h; path = AGSResource.h; sourceTree = "<group>"; };
		6D3084990F31100B00D2C1D7 /* AGSResource.m */ = {isa = PBXFileReference; fileEncoding = 4; lastKnownFileType = sourcecode.c.objc; path = AGSResource.m; sourceTree = "<group>"; };
		6D50AEAF0F3F658E00149EB4 /* MainViewController.xib */ = {isa = PBXFileReference; lastKnownFileType = file.xib; path = MainViewController.xib; sourceTree = "<group>"; };
		6D50AEC30F3F677300149EB4 /* MainViewController.h */ = {isa = PBXFileReference; fileEncoding = 4; lastKnownFileType = sourcecode.c.h; path = MainViewController.h; sourceTree = "<group>"; };
		6D50AEC40F3F677300149EB4 /* MainViewController.m */ = {isa = PBXFileReference; fileEncoding = 4; lastKnownFileType = sourcecode.c.objc; path = MainViewController.m; sourceTree = "<group>"; };
		6D50B60E0F40E68100149EB4 /* Icon.png */ = {isa = PBXFileReference; lastKnownFileType = image.png; path = Icon.png; sourceTree = "<group>"; };
		6D83B7D90F3CD4260042D251 /* MapViewController.xib */ = {isa = PBXFileReference; lastKnownFileType = file.xib; path = MapViewController.xib; sourceTree = "<group>"; };
		6DC9AB4C0F38FC3900F92FCB /* AGSLayer.h */ = {isa = PBXFileReference; fileEncoding = 4; lastKnownFileType = sourcecode.c.h; path = AGSLayer.h; sourceTree = "<group>"; };
		6DC9AB4D0F38FC3900F92FCB /* AGSLayer.m */ = {isa = PBXFileReference; fileEncoding = 4; lastKnownFileType = sourcecode.c.objc; path = AGSLayer.m; sourceTree = "<group>"; };
		6DC9AD4B0F3CCC9700F92FCB /* MapViewController.h */ = {isa = PBXFileReference; fileEncoding = 4; lastKnownFileType = sourcecode.c.h; path = MapViewController.h; sourceTree = "<group>"; };
		6DC9AD4C0F3CCC9700F92FCB /* MapViewController.m */ = {isa = PBXFileReference; fileEncoding = 4; lastKnownFileType = sourcecode.c.objc; path = MapViewController.m; sourceTree = "<group>"; };
		6DC9AD4E0F3CCC9700F92FCB /* MapView.h */ = {isa = PBXFileReference; fileEncoding = 4; lastKnownFileType = sourcecode.c.h; path = MapView.h; sourceTree = "<group>"; };
		6DC9AD4F0F3CCC9700F92FCB /* MapView.m */ = {isa = PBXFileReference; fileEncoding = 4; lastKnownFileType = sourcecode.c.objc; path = MapView.m; sourceTree = "<group>"; };
		6DC9AD560F3CCC9700F92FCB /* MapState.h */ = {isa = PBXFileReference; fileEncoding = 4; lastKnownFileType = sourcecode.c.h; path = MapState.h; sourceTree = "<group>"; };
		6DC9AD580F3CCC9700F92FCB /* MapState.m */ = {isa = PBXFileReference; fileEncoding = 4; lastKnownFileType = sourcecode.c.objc; path = MapState.m; sourceTree = "<group>"; };
		8D1107310486CEB800E47090 /* Info.plist */ = {isa = PBXFileReference; fileEncoding = 4; lastKnownFileType = text.plist.xml; path = Info.plist; sourceTree = "<group>"; };
/* End PBXFileReference section */

/* Begin PBXFrameworksBuildPhase section */
		1D60588F0D05DD3D006BFB54 /* Frameworks */ = {
			isa = PBXFrameworksBuildPhase;
			buildActionMask = 2147483647;
			files = (
				1D60589F0D05DD5A006BFB54 /* Foundation.framework in Frameworks */,
				1DF5F4E00D08C38300B7A737 /* UIKit.framework in Frameworks */,
				2892E4100DC94CBA00A64D0F /* CoreGraphics.framework in Frameworks */,
			);
			runOnlyForDeploymentPostprocessing = 0;
		};
/* End PBXFrameworksBuildPhase section */

/* Begin PBXGroup section */
		080E96DDFE201D6D7F000001 /* Classes */ = {
			isa = PBXGroup;
			children = (
				6D265E460F3CE77F009D5F91 /* JSON */,
				6DC9AD4D0F3CCC9700F92FCB /* Map */,
				28C286DF0D94DF7D0034E888 /* FolderViewController.h */,
				28C286E00D94DF7D0034E888 /* FolderViewController.m */,
				1D3623240D0F684500981E51 /* ArcgisRestAppDelegate.h */,
				1D3623250D0F684500981E51 /* ArcgisRestAppDelegate.m */,
				6D3084870F310CA000D2C1D7 /* AGSFolder.h */,
				6D3084880F310CA000D2C1D7 /* AGSFolder.m */,
				6D3084900F310E7100D2C1D7 /* AGSService.h */,
				6D3084910F310E7100D2C1D7 /* AGSService.m */,
				6D3084980F31100B00D2C1D7 /* AGSResource.h */,
				6D3084990F31100B00D2C1D7 /* AGSResource.m */,
				6D0180050F35EF010032B3B4 /* AGSMapService.h */,
				6D0180060F35EF010032B3B4 /* AGSMapService.m */,
				6D0180090F35EFE00032B3B4 /* AGSSpatialReference.h */,
				6D01800A0F35EFE00032B3B4 /* AGSSpatialReference.m */,
				6D0180420F35F1C20032B3B4 /* AGSTileInfo.h */,
				6D0180430F35F1C20032B3B4 /* AGSTileInfo.m */,
				6D0180510F35F3090032B3B4 /* AGSEnvelope.h */,
				6D0180520F35F3090032B3B4 /* AGSEnvelope.m */,
				6D01805A0F35F53A0032B3B4 /* AGSGeometry.h */,
				6D01805B0F35F53A0032B3B4 /* AGSGeometry.m */,
				6D0180630F35F5470032B3B4 /* AGSPoint.h */,
				6D0180640F35F5470032B3B4 /* AGSPoint.m */,
				6D0180B40F3604BC0032B3B4 /* AGSMapServiceViewController.h */,
				6D0180B50F3604BC0032B3B4 /* AGSMapServiceViewController.m */,
				6DC9AB4C0F38FC3900F92FCB /* AGSLayer.h */,
				6DC9AB4D0F38FC3900F92FCB /* AGSLayer.m */,
				6D50AEC30F3F677300149EB4 /* MainViewController.h */,
				6D50AEC40F3F677300149EB4 /* MainViewController.m */,
			);
			path = Classes;
			sourceTree = "<group>";
		};
		19C28FACFE9D520D11CA2CBB /* Products */ = {
			isa = PBXGroup;
			children = (
				1D6058910D05DD3D006BFB54 /* AGS Touch.app */,
			);
			name = Products;
			sourceTree = "<group>";
		};
		29B97314FDCFA39411CA2CEA /* CustomTemplate */ = {
			isa = PBXGroup;
			children = (
				080E96DDFE201D6D7F000001 /* Classes */,
				29B97315FDCFA39411CA2CEA /* Other Sources */,
				29B97317FDCFA39411CA2CEA /* Resources */,
				29B97323FDCFA39411CA2CEA /* Frameworks */,
				19C28FACFE9D520D11CA2CBB /* Products */,
			);
			name = CustomTemplate;
			sourceTree = "<group>";
		};
		29B97315FDCFA39411CA2CEA /* Other Sources */ = {
			isa = PBXGroup;
			children = (
				28A0AAE50D9B0CCF005BE974 /* ArcgisRest_Prefix.pch */,
				29B97316FDCFA39411CA2CEA /* main.m */,
			);
			name = "Other Sources";
			sourceTree = "<group>";
		};
		29B97317FDCFA39411CA2CEA /* Resources */ = {
			isa = PBXGroup;
			children = (
				6D50B60E0F40E68100149EB4 /* Icon.png */,
				6D50AEAF0F3F658E00149EB4 /* MainViewController.xib */,
				6D83B7D90F3CD4260042D251 /* MapViewController.xib */,
				2899E55F0DE3E45000AC0155 /* FolderViewController.xib */,
				28AD735F0D9D9599002E5188 /* MainWindow.xib */,
				8D1107310486CEB800E47090 /* Info.plist */,
				6D0180B70F3604E70032B3B4 /* AGSMapServiceViewController.xib */,
			);
			name = Resources;
			sourceTree = "<group>";
		};
		29B97323FDCFA39411CA2CEA /* Frameworks */ = {
			isa = PBXGroup;
			children = (
				1DF5F4DF0D08C38300B7A737 /* UIKit.framework */,
				1D30AB110D05D00D00671497 /* Foundation.framework */,
				2892E40F0DC94CBA00A64D0F /* CoreGraphics.framework */,
			);
			name = Frameworks;
			sourceTree = "<group>";
		};
		6D265E460F3CE77F009D5F91 /* JSON */ = {
			isa = PBXGroup;
			children = (
				6D265E470F3CE79F009D5F91 /* SBJSON.m */,
				6D265E480F3CE79F009D5F91 /* SBJSON.h */,
				6D265E490F3CE79F009D5F91 /* NSString+SBJSON.m */,
				6D265E4A0F3CE79F009D5F91 /* NSString+SBJSON.h */,
				6D265E4B0F3CE79F009D5F91 /* NSObject+SBJSON.m */,
				6D265E4C0F3CE79F009D5F91 /* NSObject+SBJSON.h */,
				6D265E4D0F3CE79F009D5F91 /* JSON.h */,
			);
			name = JSON;
			sourceTree = "<group>";
		};
		6DC9AD4D0F3CCC9700F92FCB /* Map */ = {
			isa = PBXGroup;
			children = (
				6DC9AD4E0F3CCC9700F92FCB /* MapView.h */,
				6DC9AD4F0F3CCC9700F92FCB /* MapView.m */,
				6DC9AD560F3CCC9700F92FCB /* MapState.h */,
				6DC9AD580F3CCC9700F92FCB /* MapState.m */,
				6DC9AD4B0F3CCC9700F92FCB /* MapViewController.h */,
				6DC9AD4C0F3CCC9700F92FCB /* MapViewController.m */,
			);
			name = Map;
			sourceTree = "<group>";
		};
/* End PBXGroup section */

/* Begin PBXNativeTarget section */
		1D6058900D05DD3D006BFB54 /* ArcgisRest */ = {
			isa = PBXNativeTarget;
			buildConfigurationList = 1D6058960D05DD3E006BFB54 /* Build configuration list for PBXNativeTarget "ArcgisRest" */;
			buildPhases = (
				1D60588D0D05DD3D006BFB54 /* Resources */,
				1D60588E0D05DD3D006BFB54 /* Sources */,
				1D60588F0D05DD3D006BFB54 /* Frameworks */,
			);
			buildRules = (
			);
			dependencies = (
			);
			name = ArcgisRest;
			productName = ArcgisRest;
			productReference = 1D6058910D05DD3D006BFB54 /* AGS Touch.app */;
			productType = "com.apple.product-type.application";
		};
/* End PBXNativeTarget section */

/* Begin PBXProject section */
		29B97313FDCFA39411CA2CEA /* Project object */ = {
			isa = PBXProject;
			buildConfigurationList = C01FCF4E08A954540054247B /* Build configuration list for PBXProject "ArcgisRest" */;
			compatibilityVersion = "Xcode 3.1";
			hasScannedForEncodings = 1;
			knownRegions = (
				English,
				Japanese,
				French,
				German,
				en,
			);
			mainGroup = 29B97314FDCFA39411CA2CEA /* CustomTemplate */;
			projectDirPath = "";
			projectRoot = "";
			targets = (
				1D6058900D05DD3D006BFB54 /* ArcgisRest */,
			);
		};
/* End PBXProject section */

/* Begin PBXResourcesBuildPhase section */
		1D60588D0D05DD3D006BFB54 /* Resources */ = {
			isa = PBXResourcesBuildPhase;
			buildActionMask = 2147483647;
			files = (
				28AD73600D9D9599002E5188 /* MainWindow.xib in Resources */,
				2899E5600DE3E45000AC0155 /* FolderViewController.xib in Resources */,
				6D0180B80F3604E70032B3B4 /* AGSMapServiceViewController.xib in Resources */,
				6D83B7DA0F3CD4260042D251 /* MapViewController.xib in Resources */,
				6D50AEB00F3F658E00149EB4 /* MainViewController.xib in Resources */,
				6D50B60F0F40E68100149EB4 /* Icon.png in Resources */,
			);
			runOnlyForDeploymentPostprocessing = 0;
		};
/* End PBXResourcesBuildPhase section */

/* Begin PBXSourcesBuildPhase section */
		1D60588E0D05DD3D006BFB54 /* Sources */ = {
			isa = PBXSourcesBuildPhase;
			buildActionMask = 2147483647;
			files = (
				1D60589B0D05DD56006BFB54 /* main.m in Sources */,
				1D3623260D0F684500981E51 /* ArcgisRestAppDelegate.m in Sources */,
				28C286E10D94DF7D0034E888 /* FolderViewController.m in Sources */,
				6D3084890F310CA000D2C1D7 /* AGSFolder.m in Sources */,
				6D3084920F310E7100D2C1D7 /* AGSService.m in Sources */,
				6D30849A0F31100B00D2C1D7 /* AGSResource.m in Sources */,
				6D0180070F35EF010032B3B4 /* AGSMapService.m in Sources */,
				6D01800B0F35EFE00032B3B4 /* AGSSpatialReference.m in Sources */,
				6D0180440F35F1C20032B3B4 /* AGSTileInfo.m in Sources */,
				6D0180530F35F3090032B3B4 /* AGSEnvelope.m in Sources */,
				6D01805C0F35F53A0032B3B4 /* AGSGeometry.m in Sources */,
				6D0180650F35F5470032B3B4 /* AGSPoint.m in Sources */,
				6D0180B60F3604BC0032B3B4 /* AGSMapServiceViewController.m in Sources */,
				6DC9AB4E0F38FC3900F92FCB /* AGSLayer.m in Sources */,
				6DC9AD620F3CCC9700F92FCB /* MapViewController.m in Sources */,
				6DC9AD630F3CCC9700F92FCB /* MapView.m in Sources */,
				6DC9AD670F3CCC9700F92FCB /* MapState.m in Sources */,
				6D265E4E0F3CE79F009D5F91 /* SBJSON.m in Sources */,
				6D265E4F0F3CE79F009D5F91 /* NSString+SBJSON.m in Sources */,
				6D265E500F3CE79F009D5F91 /* NSObject+SBJSON.m in Sources */,
				6D50AEC50F3F677300149EB4 /* MainViewController.m in Sources */,
			);
			runOnlyForDeploymentPostprocessing = 0;
		};
/* End PBXSourcesBuildPhase section */

/* Begin XCBuildConfiguration section */
		1D6058940D05DD3E006BFB54 /* Debug */ = {
			isa = XCBuildConfiguration;
			buildSettings = {
				ADDITIONAL_SDKS = "";
				ALWAYS_SEARCH_USER_PATHS = NO;
				CODE_SIGN_IDENTITY = "";
				"CODE_SIGN_IDENTITY[sdk=iphoneos*]" = "iPhone Developer: Guilhem Vellut";
				COPY_PHASE_STRIP = NO;
				GCC_DYNAMIC_NO_PIC = NO;
				GCC_OPTIMIZATION_LEVEL = 0;
				GCC_PRECOMPILE_PREFIX_HEADER = YES;
				GCC_PREFIX_HEADER = ArcgisRest_Prefix.pch;
				INFOPLIST_FILE = Info.plist;
				OTHER_LDFLAGS = "";
				PRODUCT_NAME = "AGS Touch";
				"PROVISIONING_PROFILE[sdk=iphoneos*]" = "E209E2C4-2558-4D63-8A16-7E2923D9B428";
			};
			name = Debug;
		};
		1D6058950D05DD3E006BFB54 /* Release */ = {
			isa = XCBuildConfiguration;
			buildSettings = {
				ALWAYS_SEARCH_USER_PATHS = NO;
				COPY_PHASE_STRIP = YES;
				GCC_PRECOMPILE_PREFIX_HEADER = YES;
				GCC_PREFIX_HEADER = ArcgisRest_Prefix.pch;
				INFOPLIST_FILE = Info.plist;
				PRODUCT_NAME = "AGS Touch";
			};
			name = Release;
		};
		C01FCF4F08A954540054247B /* Debug */ = {
			isa = XCBuildConfiguration;
			buildSettings = {
				ARCHS = "$(ARCHS_STANDARD_32_BIT)";
				CODE_SIGN_IDENTITY = "";
				"CODE_SIGN_IDENTITY[sdk=iphoneos*]" = "iPhone Developer: Guilhem Vellut";
				GCC_C_LANGUAGE_STANDARD = c99;
				GCC_WARN_ABOUT_RETURN_TYPE = YES;
				GCC_WARN_UNUSED_VARIABLE = YES;
				ONLY_ACTIVE_ARCH = YES;
				PREBINDING = NO;
				PRODUCT_NAME = AGSTouch;
				"PROVISIONING_PROFILE[sdk=iphoneos*]" = "E209E2C4-2558-4D63-8A16-7E2923D9B428";
				SDKROOT = iphoneos2.2;
			};
			name = Debug;
		};
		C01FCF5008A954540054247B /* Release */ = {
			isa = XCBuildConfiguration;
			buildSettings = {
				ARCHS = "$(ARCHS_STANDARD_32_BIT)";
				"CODE_SIGN_IDENTITY[sdk=iphoneos*]" = "iPhone Developer";
				GCC_C_LANGUAGE_STANDARD = c99;
				GCC_WARN_ABOUT_RETURN_TYPE = YES;
				GCC_WARN_UNUSED_VARIABLE = YES;
				PREBINDING = NO;
				SDKROOT = iphoneos2.2;
			};
			name = Release;
		};
/* End XCBuildConfiguration section */

/* Begin XCConfigurationList section */
		1D6058960D05DD3E006BFB54 /* Build configuration list for PBXNativeTarget "ArcgisRest" */ = {
			isa = XCConfigurationList;
			buildConfigurations = (
				1D6058940D05DD3E006BFB54 /* Debug */,
				1D6058950D05DD3E006BFB54 /* Release */,
			);
			defaultConfigurationIsVisible = 0;
			defaultConfigurationName = Release;
		};
		C01FCF4E08A954540054247B /* Build configuration list for PBXProject "ArcgisRest" */ = {
			isa = XCConfigurationList;
			buildConfigurations = (
				C01FCF4F08A954540054247B /* Debug */,
				C01FCF5008A954540054247B /* Release */,
			);
			defaultConfigurationIsVisible = 0;
			defaultConfigurationName = Release;
		};
/* End XCConfigurationList section */
	};
	rootObject = 29B97313FDCFA39411CA2CEA /* Project object */;
}
